
Microsoft Visual Studio Solution File, Format Version 12.00
# Visual Studio Version 17
VisualStudioVersion = 17.11.35222.181
MinimumVisualStudioVersion = 10.0.40219.1
Project("{9A19103F-16F7-4668-BE54-9A1E7A4F7556}") = "iot-gateway", "iot-gateway\iot-gateway.csproj", "{B44CDDC1-CBF7-48F9-BAB0-221713157409}"
EndProject
Project("{9A19103F-16F7-4668-BE54-9A1E7A4F7556}") = "iot-telegram-simulator", "iot-telegram-simulator\iot-telegram-simulator.csproj", "{26365321-1C43-4332-A5B3-50C2466FDD06}"
EndProject
Project("{2150E333-8FDC-42A3-9474-1A3956D46DE8}") = "Docs", "Docs", "{7A4A3AB3-6A5A-4959-BB67-655053610703}"
	ProjectSection(SolutionItems) = preProject
		Docs\architecture.drawio = Docs\architecture.drawio
		Docs\notes.txt = Docs\notes.txt
	EndProjectSection
EndProject
Project("{E53339B2-1760-4266-BCC7-CA923CBCF16C}") = "docker-compose", "docker-compose.dcproj", "{2F62CB7D-07AE-4DA7-BA4A-3CB650995156}"
EndProject
Project("{00D1A9C2-B5F0-4AF3-8072-F6C62B433612}") = "reefer-sense-db", "reefer-sense-db\reefer-sense-db.sqlproj", "{4333AF8B-0024-43ED-8AFF-35830AE25E27}"
EndProject
Project("{FAE04EC0-301F-11D3-BF4B-00C04F79EFBC}") = "iot-data-processor", "iot-data-processor\iot-data-processor.csproj", "{4CB4B6D0-CD02-4A9F-8EA4-8EEEE3B9199F}"
EndProject
Project("{FAE04EC0-301F-11D3-BF4B-00C04F79EFBC}") = "sql-server-data-access", "sql-server-data-access\sql-server-data-access.csproj", "{C988D28B-8871-4495-B19A-84AD0008DD47}"
EndProject
Project("{2150E333-8FDC-42A3-9474-1A3956D46DE8}") = "pipelines", "pipelines", "{02EA681E-C7D8-13C7-8484-4AC65E1B71E8}"
EndProject
Project("{2150E333-8FDC-42A3-9474-1A3956D46DE8}") = "templates", "templates", "{FEE3D20C-12B3-44AD-B2A7-4938F35A4E8B}"
	ProjectSection(SolutionItems) = preProject
		pipelines\templates\build-dotnet.yml = pipelines\templates\build-dotnet.yml
		pipelines\templates\docker-buildpush.yml = pipelines\templates\docker-buildpush.yml
	EndProjectSection
EndProject
Project("{2150E333-8FDC-42A3-9474-1A3956D46DE8}") = "iot-gateway", "iot-gateway", "{AB753C13-27B5-4E24-A08E-2661EBDC29A4}"
	ProjectSection(SolutionItems) = preProject
		pipelines\iot-gateway\azure-pipelines-dev.yml = pipelines\iot-gateway\azure-pipelines-dev.yml
		pipelines\iot-gateway\deploy-aca.yml = pipelines\iot-gateway\deploy-aca.yml
	EndProjectSection
EndProject
Project("{2150E333-8FDC-42A3-9474-1A3956D46DE8}") = "Solution Items", "Solution Items", "{8EC462FD-D22E-90A8-E5CE-7E832BA40C5D}"
	ProjectSection(SolutionItems) = preProject
		NuGet.config = NuGet.config
	EndProjectSection
EndProject
Project("{2150E333-8FDC-42A3-9474-1A3956D46DE8}") = "database", "database", "{9304B687-1B99-41A1-BCD5-F580FF643DEA}"
	ProjectSection(SolutionItems) = preProject
		pipelines\database\azure-pipelines-dev.yml = pipelines\database\azure-pipelines-dev.yml
		pipelines\database\azure-pipelines-sqlaccess-dev.yml = pipelines\database\azure-pipelines-sqlaccess-dev.yml
	EndProjectSection
EndProject
Project("{2150E333-8FDC-42A3-9474-1A3956D46DE8}") = "iot-data-processor", "iot-data-processor", "{A371380E-8441-4477-A376-F5D41B6D45C5}"
	ProjectSection(SolutionItems) = preProject
		pipelines\iot-data-processor\azure-pipelines-iot-data-processor-dev.yml = pipelines\iot-data-processor\azure-pipelines-iot-data-processor-dev.yml
		pipelines\iot-data-processor\deploy-iot-data-processor-aca.yml = pipelines\iot-data-processor\deploy-iot-data-processor-aca.yml
	EndProjectSection
EndProject
Project("{FAE04EC0-301F-11D3-BF4B-00C04F79EFBC}") = "reefersense-data", "reefersense-data\reefersense-data.csproj", "{A2C92F73-B49E-459E-960D-70AD5DBEA8D5}"
EndProject
Project("{FAE04EC0-301F-11D3-BF4B-00C04F79EFBC}") = "reefersense-web-api", "reefersense-web-api\reefersense-web-api.csproj", "{CBA002D4-DB23-4458-9299-5DB00D3EE7F1}"
EndProject
Global
	GlobalSection(SolutionConfigurationPlatforms) = preSolution
		Debug|Any CPU = Debug|Any CPU
		Release|Any CPU = Release|Any CPU
	EndGlobalSection
	GlobalSection(ProjectConfigurationPlatforms) = postSolution
		{B44CDDC1-CBF7-48F9-BAB0-221713157409}.Debug|Any CPU.ActiveCfg = Debug|Any CPU
		{B44CDDC1-CBF7-48F9-BAB0-221713157409}.Debug|Any CPU.Build.0 = Debug|Any CPU
		{B44CDDC1-CBF7-48F9-BAB0-221713157409}.Release|Any CPU.ActiveCfg = Release|Any CPU
		{B44CDDC1-CBF7-48F9-BAB0-221713157409}.Release|Any CPU.Build.0 = Release|Any CPU
		{26365321-1C43-4332-A5B3-50C2466FDD06}.Debug|Any CPU.ActiveCfg = Debug|Any CPU
		{26365321-1C43-4332-A5B3-50C2466FDD06}.Debug|Any CPU.Build.0 = Debug|Any CPU
		{26365321-1C43-4332-A5B3-50C2466FDD06}.Release|Any CPU.ActiveCfg = Release|Any CPU
		{26365321-1C43-4332-A5B3-50C2466FDD06}.Release|Any CPU.Build.0 = Release|Any CPU
		{2F62CB7D-07AE-4DA7-BA4A-3CB650995156}.Debug|Any CPU.ActiveCfg = Debug|Any CPU
		{2F62CB7D-07AE-4DA7-BA4A-3CB650995156}.Debug|Any CPU.Build.0 = Debug|Any CPU
		{2F62CB7D-07AE-4DA7-BA4A-3CB650995156}.Release|Any CPU.ActiveCfg = Release|Any CPU
		{2F62CB7D-07AE-4DA7-BA4A-3CB650995156}.Release|Any CPU.Build.0 = Release|Any CPU
		{4333AF8B-0024-43ED-8AFF-35830AE25E27}.Debug|Any CPU.ActiveCfg = Debug|Any CPU
		{4333AF8B-0024-43ED-8AFF-35830AE25E27}.Debug|Any CPU.Build.0 = Debug|Any CPU
		{4333AF8B-0024-43ED-8AFF-35830AE25E27}.Debug|Any CPU.Deploy.0 = Debug|Any CPU
		{4333AF8B-0024-43ED-8AFF-35830AE25E27}.Release|Any CPU.ActiveCfg = Release|Any CPU
		{4333AF8B-0024-43ED-8AFF-35830AE25E27}.Release|Any CPU.Build.0 = Release|Any CPU
		{4333AF8B-0024-43ED-8AFF-35830AE25E27}.Release|Any CPU.Deploy.0 = Release|Any CPU
		{4CB4B6D0-CD02-4A9F-8EA4-8EEEE3B9199F}.Debug|Any CPU.ActiveCfg = Debug|Any CPU
		{4CB4B6D0-CD02-4A9F-8EA4-8EEEE3B9199F}.Debug|Any CPU.Build.0 = Debug|Any CPU
		{4CB4B6D0-CD02-4A9F-8EA4-8EEEE3B9199F}.Release|Any CPU.ActiveCfg = Release|Any CPU
		{4CB4B6D0-CD02-4A9F-8EA4-8EEEE3B9199F}.Release|Any CPU.Build.0 = Release|Any CPU
		{C988D28B-8871-4495-B19A-84AD0008DD47}.Debug|Any CPU.ActiveCfg = Debug|Any CPU
		{C988D28B-8871-4495-B19A-84AD0008DD47}.Debug|Any CPU.Build.0 = Debug|Any CPU
		{C988D28B-8871-4495-B19A-84AD0008DD47}.Release|Any CPU.ActiveCfg = Release|Any CPU
		{C988D28B-8871-4495-B19A-84AD0008DD47}.Release|Any CPU.Build.0 = Release|Any CPU
		{A2C92F73-B49E-459E-960D-70AD5DBEA8D5}.Debug|Any CPU.ActiveCfg = Debug|Any CPU
		{A2C92F73-B49E-459E-960D-70AD5DBEA8D5}.Debug|Any CPU.Build.0 = Debug|Any CPU
		{A2C92F73-B49E-459E-960D-70AD5DBEA8D5}.Release|Any CPU.ActiveCfg = Release|Any CPU
		{A2C92F73-B49E-459E-960D-70AD5DBEA8D5}.Release|Any CPU.Build.0 = Release|Any CPU
		{CBA002D4-DB23-4458-9299-5DB00D3EE7F1}.Debug|Any CPU.ActiveCfg = Debug|Any CPU
		{CBA002D4-DB23-4458-9299-5DB00D3EE7F1}.Debug|Any CPU.Build.0 = Debug|Any CPU
		{CBA002D4-DB23-4458-9299-5DB00D3EE7F1}.Release|Any CPU.ActiveCfg = Release|Any CPU
		{CBA002D4-DB23-4458-9299-5DB00D3EE7F1}.Release|Any CPU.Build.0 = Release|Any CPU
	EndGlobalSection
	GlobalSection(SolutionProperties) = preSolution
		HideSolutionNode = FALSE
	EndGlobalSection
	GlobalSection(NestedProjects) = preSolution
		{FEE3D20C-12B3-44AD-B2A7-4938F35A4E8B} = {02EA681E-C7D8-13C7-8484-4AC65E1B71E8}
		{AB753C13-27B5-4E24-A08E-2661EBDC29A4} = {02EA681E-C7D8-13C7-8484-4AC65E1B71E8}
		{9304B687-1B99-41A1-BCD5-F580FF643DEA} = {02EA681E-C7D8-13C7-8484-4AC65E1B71E8}
		{A371380E-8441-4477-A376-F5D41B6D45C5} = {02EA681E-C7D8-13C7-8484-4AC65E1B71E8}
	EndGlobalSection
	GlobalSection(ExtensibilityGlobals) = postSolution
		SolutionGuid = {8513E262-E852-481D-A641-195F4102C67A}
	EndGlobalSection
EndGlobal
